// !$*UTF8*$!
{
	archiveVersion = 1;
	classes = {
	};
	objectVersion = 50;
	objects = {

/* Begin PBXBuildFile section */
		EE2D83962589949C006A5338 /* Stylish_Slide_MenuApp.swift in Sources */ = {isa = PBXBuildFile; fileRef = EE2D83952589949C006A5338 /* Stylish_Slide_MenuApp.swift */; };
		EE2D83982589949C006A5338 /* ContentView.swift in Sources */ = {isa = PBXBuildFile; fileRef = EE2D83972589949C006A5338 /* ContentView.swift */; };
		EE2D839A2589949F006A5338 /* Assets.xcassets in Resources */ = {isa = PBXBuildFile; fileRef = EE2D83992589949F006A5338 /* Assets.xcassets */; };
		EE2D839D2589949F006A5338 /* Preview Assets.xcassets in Resources */ = {isa = PBXBuildFile; fileRef = EE2D839C2589949F006A5338 /* Preview Assets.xcassets */; };
		EE2D83A9258998E6006A5338 /* Extension.swift in Sources */ = {isa = PBXBuildFile; fileRef = EE2D83A8258998E6006A5338 /* Extension.swift */; };
		EE2D83AD25899952006A5338 /* PostView.swift in Sources */ = {isa = PBXBuildFile; fileRef = EE2D83AC25899952006A5338 /* PostView.swift */; };
		EE2D83B02589A661006A5338 /* SlideMenu.swift in Sources */ = {isa = PBXBuildFile; fileRef = EE2D83AF2589A661006A5338 /* SlideMenu.swift */; };
		EE2D83B32589AE32006A5338 /* MenuItemView.swift in Sources */ = {isa = PBXBuildFile; fileRef = EE2D83B22589AE32006A5338 /* MenuItemView.swift */; };
/* End PBXBuildFile section */

/* Begin PBXFileReference section */
		EE2D83922589949C006A5338 /* Stylish Slide Menu.app */ = {isa = PBXFileReference; explicitFileType = wrapper.application; includeInIndex = 0; path = "Stylish Slide Menu.app"; sourceTree = BUILT_PRODUCTS_DIR; };
		EE2D83952589949C006A5338 /* Stylish_Slide_MenuApp.swift */ = {isa = PBXFileReference; lastKnownFileType = sourcecode.swift; path = Stylish_Slide_MenuApp.swift; sourceTree = "<group>"; };
		EE2D83972589949C006A5338 /* ContentView.swift */ = {isa = PBXFileReference; lastKnownFileType = sourcecode.swift; path = ContentView.swift; sourceTree = "<group>"; };
		EE2D83992589949F006A5338 /* Assets.xcassets */ = {isa = PBXFileReference; lastKnownFileType = folder.assetcatalog; path = Assets.xcassets; sourceTree = "<group>"; };
		EE2D839C2589949F006A5338 /* Preview Assets.xcassets */ = {isa = PBXFileReference; lastKnownFileType = folder.assetcatalog; path = "Preview Assets.xcassets"; sourceTree = "<group>"; };
		EE2D839E2589949F006A5338 /* Info.plist */ = {isa = PBXFileReference; lastKnownFileType = text.plist.xml; path = Info.plist; sourceTree = "<group>"; };
		EE2D83A8258998E6006A5338 /* Extension.swift */ = {isa = PBXFileReference; lastKnownFileType = sourcecode.swift; path = Extension.swift; sourceTree = "<group>"; };
		EE2D83AC25899952006A5338 /* PostView.swift */ = {isa = PBXFileReference; lastKnownFileType = sourcecode.swift; path = PostView.swift; sourceTree = "<group>"; };
		EE2D83AF2589A661006A5338 /* SlideMenu.swift */ = {isa = PBXFileReference; lastKnownFileType = sourcecode.swift; path = SlideMenu.swift; sourceTree = "<group>"; };
		EE2D83B22589AE32006A5338 /* MenuItemView.swift */ = {isa = PBXFileReference; lastKnownFileType = sourcecode.swift; path = MenuItemView.swift; sourceTree = "<group>"; };
/* End PBXFileReference section */

/* Begin PBXFrameworksBuildPhase section */
		EE2D838F2589949C006A5338 /* Frameworks */ = {
			isa = PBXFrameworksBuildPhase;
			buildActionMask = 2147483647;
			files = (
			);
			runOnlyForDeploymentPostprocessing = 0;
		};
/* End PBXFrameworksBuildPhase section */

/* Begin PBXGroup section */
		EE2D83892589949C006A5338 = {
			isa = PBXGroup;
			children = (
				EE2D83942589949C006A5338 /* Stylish Slide Menu */,
				EE2D83932589949C006A5338 /* Products */,
			);
			sourceTree = "<group>";
		};
		EE2D83932589949C006A5338 /* Products */ = {
			isa = PBXGroup;
			children = (
				EE2D83922589949C006A5338 /* Stylish Slide Menu.app */,
			);
			name = Products;
			sourceTree = "<group>";
		};
		EE2D83942589949C006A5338 /* Stylish Slide Menu */ = {
			isa = PBXGroup;
			children = (
				EE2D83952589949C006A5338 /* Stylish_Slide_MenuApp.swift */,
				EE2D83A7258994B0006A5338 /* View */,
				EE2D83A6258994AC006A5338 /* App */,
				EE2D83A5258994A7006A5338 /* Helper */,
				EE2D83992589949F006A5338 /* Assets.xcassets */,
				EE2D839E2589949F006A5338 /* Info.plist */,
				EE2D839B2589949F006A5338 /* Preview Content */,
			);
			path = "Stylish Slide Menu";
			sourceTree = "<group>";
		};
		EE2D839B2589949F006A5338 /* Preview Content */ = {
			isa = PBXGroup;
			children = (
				EE2D839C2589949F006A5338 /* Preview Assets.xcassets */,
			);
			path = "Preview Content";
			sourceTree = "<group>";
		};
		EE2D83A5258994A7006A5338 /* Helper */ = {
			isa = PBXGroup;
			children = (
				EE2D83A8258998E6006A5338 /* Extension.swift */,
			);
			path = Helper;
			sourceTree = "<group>";
		};
		EE2D83A6258994AC006A5338 /* App */ = {
			isa = PBXGroup;
			children = (
				EE2D83972589949C006A5338 /* ContentView.swift */,
			);
			path = App;
			sourceTree = "<group>";
		};
		EE2D83A7258994B0006A5338 /* View */ = {
			isa = PBXGroup;
			children = (
				EE2D83AC25899952006A5338 /* PostView.swift */,
				EE2D83AF2589A661006A5338 /* SlideMenu.swift */,
				EE2D83B22589AE32006A5338 /* MenuItemView.swift */,
			);
			path = View;
			sourceTree = "<group>";
		};
/* End PBXGroup section */

/* Begin PBXNativeTarget section */
		EE2D83912589949C006A5338 /* Stylish Slide Menu */ = {
			isa = PBXNativeTarget;
			buildConfigurationList = EE2D83A12589949F006A5338 /* Build configuration list for PBXNativeTarget "Stylish Slide Menu" */;
			buildPhases = (
				EE2D838E2589949C006A5338 /* Sources */,
				EE2D838F2589949C006A5338 /* Frameworks */,
				EE2D83902589949C006A5338 /* Resources */,
			);
			buildRules = (
			);
			dependencies = (
			);
			name = "Stylish Slide Menu";
			productName = "Stylish Slide Menu";
			productReference = EE2D83922589949C006A5338 /* Stylish Slide Menu.app */;
			productType = "com.apple.product-type.application";
		};
/* End PBXNativeTarget section */

/* Begin PBXProject section */
		EE2D838A2589949C006A5338 /* Project object */ = {
			isa = PBXProject;
			attributes = {
				LastSwiftUpdateCheck = 1220;
				LastUpgradeCheck = 1220;
				TargetAttributes = {
					EE2D83912589949C006A5338 = {
						CreatedOnToolsVersion = 12.2;
					};
				};
			};
			buildConfigurationList = EE2D838D2589949C006A5338 /* Build configuration list for PBXProject "Stylish Slide Menu" */;
			compatibilityVersion = "Xcode 9.3";
			developmentRegion = en;
			hasScannedForEncodings = 0;
			knownRegions = (
				en,
				Base,
			);
			mainGroup = EE2D83892589949C006A5338;
			productRefGroup = EE2D83932589949C006A5338 /* Products */;
			projectDirPath = "";
			projectRoot = "";
			targets = (
				EE2D83912589949C006A5338 /* Stylish Slide Menu */,
			);
		};
/* End PBXProject section */

/* Begin PBXResourcesBuildPhase section */
		EE2D83902589949C006A5338 /* Resources */ = {
			isa = PBXResourcesBuildPhase;
			buildActionMask = 2147483647;
			files = (
				EE2D839D2589949F006A5338 /* Preview Assets.xcassets in Resources */,
				EE2D839A2589949F006A5338 /* Assets.xcassets in Resources */,
			);
			runOnlyForDeploymentPostprocessing = 0;
		};
/* End PBXResourcesBuildPhase section */

/* Begin PBXSourcesBuildPhase section */
		EE2D838E2589949C006A5338 /* Sources */ = {
			isa = PBXSourcesBuildPhase;
			buildActionMask = 2147483647;
			files = (
				EE2D83A9258998E6006A5338 /* Extension.swift in Sources */,
				EE2D83982589949C006A5338 /* ContentView.swift in Sources */,
				EE2D83AD25899952006A5338 /* PostView.swift in Sources */,
				EE2D83962589949C006A5338 /* Stylish_Slide_MenuApp.swift in Sources */,
				EE2D83B32589AE32006A5338 /* MenuItemView.swift in Sources */,
				EE2D83B02589A661006A5338 /* SlideMenu.swift in Sources */,
			);
			runOnlyForDeploymentPostprocessing = 0;
		};
/* End PBXSourcesBuildPhase section */

/* Begin XCBuildConfiguration section */
		EE2D839F2589949F006A5338 /* Debug */ = {
			isa = XCBuildConfiguration;
			buildSettings = {
				ALWAYS_SEARCH_USER_PATHS = NO;
				CLANG_ANALYZER_NONNULL = YES;
				CLANG_ANALYZER_NUMBER_OBJECT_CONVERSION = YES_AGGRESSIVE;
				CLANG_CXX_LANGUAGE_STANDARD = "gnu++14";
				CLANG_CXX_LIBRARY = "libc++";
				CLANG_ENABLE_MODULES = YES;
				CLANG_ENABLE_OBJC_ARC = YES;
				CLANG_ENABLE_OBJC_WEAK = YES;
				CLANG_WARN_BLOCK_CAPTURE_AUTORELEASING = YES;
				CLANG_WARN_BOOL_CONVERSION = YES;
				CLANG_WARN_COMMA = YES;
				CLANG_WARN_CONSTANT_CONVERSION = YES;
				CLANG_WARN_DEPRECATED_OBJC_IMPLEMENTATIONS = YES;
				CLANG_WARN_DIRECT_OBJC_ISA_USAGE = YES_ERROR;
				CLANG_WARN_DOCUMENTATION_COMMENTS = YES;
				CLANG_WARN_EMPTY_BODY = YES;
				CLANG_WARN_ENUM_CONVERSION = YES;
				CLANG_WARN_INFINITE_RECURSION = YES;
				CLANG_WARN_INT_CONVERSION = YES;
				CLANG_WARN_NON_LITERAL_NULL_CONVERSION = YES;
				CLANG_WARN_OBJC_IMPLICIT_RETAIN_SELF = YES;
				CLANG_WARN_OBJC_LITERAL_CONVERSION = YES;
				CLANG_WARN_OBJC_ROOT_CLASS = YES_ERROR;
				CLANG_WARN_QUOTED_INCLUDE_IN_FRAMEWORK_HEADER = YES;
				CLANG_WARN_RANGE_LOOP_ANALYSIS = YES;
				CLANG_WARN_STRICT_PROTOTYPES = YES;
				CLANG_WARN_SUSPICIOUS_MOVE = YES;
				CLANG_WARN_UNGUARDED_AVAILABILITY = YES_AGGRESSIVE;
				CLANG_WARN_UNREACHABLE_CODE = YES;
				CLANG_WARN__DUPLICATE_METHOD_MATCH = YES;
				COPY_PHASE_STRIP = NO;
				DEBUG_INFORMATION_FORMAT = dwarf;
				ENABLE_STRICT_OBJC_MSGSEND = YES;
				ENABLE_TESTABILITY = YES;
				GCC_C_LANGUAGE_STANDARD = gnu11;
				GCC_DYNAMIC_NO_PIC = NO;
				GCC_NO_COMMON_BLOCKS = YES;
				GCC_OPTIMIZATION_LEVEL = 0;
				GCC_PREPROCESSOR_DEFINITIONS = (
					"DEBUG=1",
					"$(inherited)",
				);
				GCC_WARN_64_TO_32_BIT_CONVERSION = YES;
				GCC_WARN_ABOUT_RETURN_TYPE = YES_ERROR;
				GCC_WARN_UNDECLARED_SELECTOR = YES;
				GCC_WARN_UNINITIALIZED_AUTOS = YES_AGGRESSIVE;
				GCC_WARN_UNUSED_FUNCTION = YES;
				GCC_WARN_UNUSED_VARIABLE = YES;
				IPHONEOS_DEPLOYMENT_TARGET = 14.2;
				MTL_ENABLE_DEBUG_INFO = INCLUDE_SOURCE;
				MTL_FAST_MATH = YES;
				ONLY_ACTIVE_ARCH = YES;
				SDKROOT = iphoneos;
				SWIFT_ACTIVE_COMPILATION_CONDITIONS = DEBUG;
				SWIFT_OPTIMIZATION_LEVEL = "-Onone";
			};
			name = Debug;
		};
		EE2D83A02589949F006A5338 /* Release */ = {
			isa = XCBuildConfiguration;
			buildSettings = {
				ALWAYS_SEARCH_USER_PATHS = NO;
				CLANG_ANALYZER_NONNULL = YES;
				CLANG_ANALYZER_NUMBER_OBJECT_CONVERSION = YES_AGGRESSIVE;
				CLANG_CXX_LANGUAGE_STANDARD = "gnu++14";
				CLANG_CXX_LIBRARY = "libc++";
				CLANG_ENABLE_MODULES = YES;
				CLANG_ENABLE_OBJC_ARC = YES;
				CLANG_ENABLE_OBJC_WEAK = YES;
				CLANG_WARN_BLOCK_CAPTURE_AUTORELEASING = YES;
				CLANG_WARN_BOOL_CONVERSION = YES;
				CLANG_WARN_COMMA = YES;
				CLANG_WARN_CONSTANT_CONVERSION = YES;
				CLANG_WARN_DEPRECATED_OBJC_IMPLEMENTATIONS = YES;
				CLANG_WARN_DIRECT_OBJC_ISA_USAGE = YES_ERROR;
				CLANG_WARN_DOCUMENTATION_COMMENTS = YES;
				CLANG_WARN_EMPTY_BODY = YES;
				CLANG_WARN_ENUM_CONVERSION = YES;
				CLANG_WARN_INFINITE_RECURSION = YES;
				CLANG_WARN_INT_CONVERSION = YES;
				CLANG_WARN_NON_LITERAL_NULL_CONVERSION = YES;
				CLANG_WARN_OBJC_IMPLICIT_RETAIN_SELF = YES;
				CLANG_WARN_OBJC_LITERAL_CONVERSION = YES;
				CLANG_WARN_OBJC_ROOT_CLASS = YES_ERROR;
				CLANG_WARN_QUOTED_INCLUDE_IN_FRAMEWORK_HEADER = YES;
				CLANG_WARN_RANGE_LOOP_ANALYSIS = YES;
				CLANG_WARN_STRICT_PROTOTYPES = YES;
				CLANG_WARN_SUSPICIOUS_MOVE = YES;
				CLANG_WARN_UNGUARDED_AVAILABILITY = YES_AGGRESSIVE;
				CLANG_WARN_UNREACHABLE_CODE = YES;
				CLANG_WARN__DUPLICATE_METHOD_MATCH = YES;
				COPY_PHASE_STRIP = NO;
				DEBUG_INFORMATION_FORMAT = "dwarf-with-dsym";
				ENABLE_NS_ASSERTIONS = NO;
				ENABLE_STRICT_OBJC_MSGSEND = YES;
				GCC_C_LANGUAGE_STANDARD = gnu11;
				GCC_NO_COMMON_BLOCKS = YES;
				GCC_WARN_64_TO_32_BIT_CONVERSION = YES;
				GCC_WARN_ABOUT_RETURN_TYPE = YES_ERROR;
				GCC_WARN_UNDECLARED_SELECTOR = YES;
				GCC_WARN_UNINITIALIZED_AUTOS = YES_AGGRESSIVE;
				GCC_WARN_UNUSED_FUNCTION = YES;
				GCC_WARN_UNUSED_VARIABLE = YES;
				IPHONEOS_DEPLOYMENT_TARGET = 14.2;
				MTL_ENABLE_DEBUG_INFO = NO;
				MTL_FAST_MATH = YES;
				SDKROOT = iphoneos;
				SWIFT_COMPILATION_MODE = wholemodule;
				SWIFT_OPTIMIZATION_LEVEL = "-O";
				VALIDATE_PRODUCT = YES;
			};
			name = Release;
		};
		EE2D83A22589949F006A5338 /* Debug */ = {
			isa = XCBuildConfiguration;
			buildSettings = {
				ASSETCATALOG_COMPILER_APPICON_NAME = AppIcon;
				ASSETCATALOG_COMPILER_GLOBAL_ACCENT_COLOR_NAME = AccentColor;
				CODE_SIGN_STYLE = Automatic;
				DEVELOPMENT_ASSET_PATHS = "\"Stylish Slide Menu/Preview Content\"";
				ENABLE_PREVIEWS = YES;
				INFOPLIST_FILE = "Stylish Slide Menu/Info.plist";
				IPHONEOS_DEPLOYMENT_TARGET = 14.0;
				LD_RUNPATH_SEARCH_PATHS = (
					"$(inherited)",
					"@executable_path/Frameworks",
				);
				PRODUCT_BUNDLE_IDENTIFIER = "com.tefusakipuita.Stylish-Slide-Menu";
				PRODUCT_NAME = "$(TARGET_NAME)";
				SWIFT_VERSION = 5.0;
				TARGETED_DEVICE_FAMILY = "1,2";
			};
			name = Debug;
		};
		EE2D83A32589949F006A5338 /* Release */ = {
			isa = XCBuildConfiguration;
			buildSettings = {
				ASSETCATALOG_COMPILER_APPICON_NAME = AppIcon;
				ASSETCATALOG_COMPILER_GLOBAL_ACCENT_COLOR_NAME = AccentColor;
				CODE_SIGN_STYLE = Automatic;
				DEVELOPMENT_ASSET_PATHS = "\"Stylish Slide Menu/Preview Content\"";
				ENABLE_PREVIEWS = YES;
				INFOPLIST_FILE = "Stylish Slide Menu/Info.plist";
				IPHONEOS_DEPLOYMENT_TARGET = 14.0;
				LD_RUNPATH_SEARCH_PATHS = (
					"$(inherited)",
					"@executable_path/Frameworks",
				);
				PRODUCT_BUNDLE_IDENTIFIER = "com.tefusakipuita.Stylish-Slide-Menu";
				PRODUCT_NAME = "$(TARGET_NAME)";
				SWIFT_VERSION = 5.0;
				TARGETED_DEVICE_FAMILY = "1,2";
			};
			name = Release;
		};
/* End XCBuildConfiguration section */

/* Begin XCConfigurationList section */
		EE2D838D2589949C006A5338 /* Build configuration list for PBXProject "Stylish Slide Menu" */ = {
			isa = XCConfigurationList;
			buildConfigurations = (
				EE2D839F2589949F006A5338 /* Debug */,
				EE2D83A02589949F006A5338 /* Release */,
			);
			defaultConfigurationIsVisible = 0;
			defaultConfigurationName = Release;
		};
		EE2D83A12589949F006A5338 /* Build configuration list for PBXNativeTarget "Stylish Slide Menu" */ = {
			isa = XCConfigurationList;
			buildConfigurations = (
				EE2D83A22589949F006A5338 /* Debug */,
				EE2D83A32589949F006A5338 /* Release */,
			);
			defaultConfigurationIsVisible = 0;
			defaultConfigurationName = Release;
		};
/* End XCConfigurationList section */
	};
	rootObject = EE2D838A2589949C006A5338 /* Project object */;
}
